// !$*UTF8*$!
{
	archiveVersion = 1;
	classes = {
	};
	objectVersion = 56;
	objects = {

/* Begin PBXBuildFile section */
		9804F7012AF1607500442DCC /* SearchView.swift in Sources */ = {isa = PBXBuildFile; fileRef = 9804F7002AF1607500442DCC /* SearchView.swift */; };
		ED86CFB22AF0D8440057B0F9 /* LoungePassApp.swift in Sources */ = {isa = PBXBuildFile; fileRef = ED86CFB12AF0D8440057B0F9 /* LoungePassApp.swift */; };
		ED86CFB42AF0D8440057B0F9 /* ContentView.swift in Sources */ = {isa = PBXBuildFile; fileRef = ED86CFB32AF0D8440057B0F9 /* ContentView.swift */; };
		ED86CFB62AF0D8490057B0F9 /* Assets.xcassets in Resources */ = {isa = PBXBuildFile; fileRef = ED86CFB52AF0D8490057B0F9 /* Assets.xcassets */; };
		ED86CFB92AF0D8490057B0F9 /* Preview Assets.xcassets in Resources */ = {isa = PBXBuildFile; fileRef = ED86CFB82AF0D8490057B0F9 /* Preview Assets.xcassets */; };
		ED86CFC52AF0E0FA0057B0F9 /* ItinerarySearch.swift in Sources */ = {isa = PBXBuildFile; fileRef = ED86CFC42AF0E0FA0057B0F9 /* ItinerarySearch.swift */; };
		ED86CFC62AF0E0FA0057B0F9 /* SearchResultView.swift in Sources */ = {isa = PBXBuildFile; fileRef = ED86CFC32AF0E0FA0057B0F9 /* SearchResultView.swift */; };
		ED86CFCC2AF0F13D0057B0F9 /* HomePageView.swift in Sources */ = {isa = PBXBuildFile; fileRef = ED86CFCB2AF0F13D0057B0F9 /* HomePageView.swift */; };
		ED86CFCE2AF145260057B0F9 /* SelectBookingView.swift in Sources */ = {isa = PBXBuildFile; fileRef = ED86CFCD2AF145250057B0F9 /* SelectBookingView.swift */; };
		ED86CFD22AF14A370057B0F9 /* FreeAccessView.swift in Sources */ = {isa = PBXBuildFile; fileRef = ED86CFD12AF14A370057B0F9 /* FreeAccessView.swift */; };
		EDF3D5A62AF1593A0039F034 /* LoungeDetailView.swift in Sources */ = {isa = PBXBuildFile; fileRef = EDF3D5A52AF1593A0039F034 /* LoungeDetailView.swift */; };
/* End PBXBuildFile section */

/* Begin PBXFileReference section */
		9804F7002AF1607500442DCC /* SearchView.swift */ = {isa = PBXFileReference; lastKnownFileType = sourcecode.swift; path = SearchView.swift; sourceTree = "<group>"; };
		ED86CFAE2AF0D8440057B0F9 /* LoungePass.app */ = {isa = PBXFileReference; explicitFileType = wrapper.application; includeInIndex = 0; path = LoungePass.app; sourceTree = BUILT_PRODUCTS_DIR; };
		ED86CFB12AF0D8440057B0F9 /* LoungePassApp.swift */ = {isa = PBXFileReference; lastKnownFileType = sourcecode.swift; path = LoungePassApp.swift; sourceTree = "<group>"; };
		ED86CFB32AF0D8440057B0F9 /* ContentView.swift */ = {isa = PBXFileReference; lastKnownFileType = sourcecode.swift; path = ContentView.swift; sourceTree = "<group>"; };
		ED86CFB52AF0D8490057B0F9 /* Assets.xcassets */ = {isa = PBXFileReference; lastKnownFileType = folder.assetcatalog; path = Assets.xcassets; sourceTree = "<group>"; };
		ED86CFB82AF0D8490057B0F9 /* Preview Assets.xcassets */ = {isa = PBXFileReference; lastKnownFileType = folder.assetcatalog; path = "Preview Assets.xcassets"; sourceTree = "<group>"; };
		ED86CFC32AF0E0FA0057B0F9 /* SearchResultView.swift */ = {isa = PBXFileReference; lastKnownFileType = sourcecode.swift; path = SearchResultView.swift; sourceTree = "<group>"; };
		ED86CFC42AF0E0FA0057B0F9 /* ItinerarySearch.swift */ = {isa = PBXFileReference; lastKnownFileType = sourcecode.swift; path = ItinerarySearch.swift; sourceTree = "<group>"; };
		ED86CFCB2AF0F13D0057B0F9 /* HomePageView.swift */ = {isa = PBXFileReference; lastKnownFileType = sourcecode.swift; path = HomePageView.swift; sourceTree = "<group>"; };
		ED86CFCD2AF145250057B0F9 /* SelectBookingView.swift */ = {isa = PBXFileReference; lastKnownFileType = sourcecode.swift; path = SelectBookingView.swift; sourceTree = "<group>"; };
		ED86CFD12AF14A370057B0F9 /* FreeAccessView.swift */ = {isa = PBXFileReference; lastKnownFileType = sourcecode.swift; path = FreeAccessView.swift; sourceTree = "<group>"; };
		EDF3D5A52AF1593A0039F034 /* LoungeDetailView.swift */ = {isa = PBXFileReference; lastKnownFileType = sourcecode.swift; path = LoungeDetailView.swift; sourceTree = "<group>"; };
/* End PBXFileReference section */

/* Begin PBXFrameworksBuildPhase section */
		ED86CFAB2AF0D8440057B0F9 /* Frameworks */ = {
			isa = PBXFrameworksBuildPhase;
			buildActionMask = 2147483647;
			files = (
			);
			runOnlyForDeploymentPostprocessing = 0;
		};
/* End PBXFrameworksBuildPhase section */

/* Begin PBXGroup section */
		ED86CFA52AF0D8440057B0F9 = {
			isa = PBXGroup;
			children = (
				ED86CFB02AF0D8440057B0F9 /* LoungePass */,
				ED86CFAF2AF0D8440057B0F9 /* Products */,
			);
			sourceTree = "<group>";
		};
		ED86CFAF2AF0D8440057B0F9 /* Products */ = {
			isa = PBXGroup;
			children = (
				ED86CFAE2AF0D8440057B0F9 /* LoungePass.app */,
			);
			name = Products;
			sourceTree = "<group>";
		};
		ED86CFB02AF0D8440057B0F9 /* LoungePass */ = {
			isa = PBXGroup;
			children = (
				ED86CFC42AF0E0FA0057B0F9 /* ItinerarySearch.swift */,
				ED86CFCB2AF0F13D0057B0F9 /* HomePageView.swift */,
				EDF3D5A52AF1593A0039F034 /* LoungeDetailView.swift */,
				ED86CFCD2AF145250057B0F9 /* SelectBookingView.swift */,
				ED86CFD12AF14A370057B0F9 /* FreeAccessView.swift */,
				ED86CFC32AF0E0FA0057B0F9 /* SearchResultView.swift */,
				ED86CFB12AF0D8440057B0F9 /* LoungePassApp.swift */,
				ED86CFB32AF0D8440057B0F9 /* ContentView.swift */,
				9804F7002AF1607500442DCC /* SearchView.swift */,
				ED86CFB52AF0D8490057B0F9 /* Assets.xcassets */,
				ED86CFB72AF0D8490057B0F9 /* Preview Content */,
			);
			path = LoungePass;
			sourceTree = "<group>";
		};
		ED86CFB72AF0D8490057B0F9 /* Preview Content */ = {
			isa = PBXGroup;
			children = (
				ED86CFB82AF0D8490057B0F9 /* Preview Assets.xcassets */,
			);
			path = "Preview Content";
			sourceTree = "<group>";
		};
/* End PBXGroup section */

/* Begin PBXNativeTarget section */
		ED86CFAD2AF0D8440057B0F9 /* LoungePass */ = {
			isa = PBXNativeTarget;
			buildConfigurationList = ED86CFBC2AF0D8490057B0F9 /* Build configuration list for PBXNativeTarget "LoungePass" */;
			buildPhases = (
				ED86CFAA2AF0D8440057B0F9 /* Sources */,
				ED86CFAB2AF0D8440057B0F9 /* Frameworks */,
				ED86CFAC2AF0D8440057B0F9 /* Resources */,
			);
			buildRules = (
			);
			dependencies = (
			);
			name = LoungePass;
			productName = LoungePass;
			productReference = ED86CFAE2AF0D8440057B0F9 /* LoungePass.app */;
			productType = "com.apple.product-type.application";
		};
/* End PBXNativeTarget section */

/* Begin PBXProject section */
		ED86CFA62AF0D8440057B0F9 /* Project object */ = {
			isa = PBXProject;
			attributes = {
				BuildIndependentTargetsInParallel = 1;
				LastSwiftUpdateCheck = 1410;
				LastUpgradeCheck = 1410;
				TargetAttributes = {
					ED86CFAD2AF0D8440057B0F9 = {
						CreatedOnToolsVersion = 14.1;
					};
				};
			};
			buildConfigurationList = ED86CFA92AF0D8440057B0F9 /* Build configuration list for PBXProject "LoungePass" */;
			compatibilityVersion = "Xcode 14.0";
			developmentRegion = en;
			hasScannedForEncodings = 0;
			knownRegions = (
				en,
				Base,
			);
			mainGroup = ED86CFA52AF0D8440057B0F9;
			productRefGroup = ED86CFAF2AF0D8440057B0F9 /* Products */;
			projectDirPath = "";
			projectRoot = "";
			targets = (
				ED86CFAD2AF0D8440057B0F9 /* LoungePass */,
			);
		};
/* End PBXProject section */

/* Begin PBXResourcesBuildPhase section */
		ED86CFAC2AF0D8440057B0F9 /* Resources */ = {
			isa = PBXResourcesBuildPhase;
			buildActionMask = 2147483647;
			files = (
				ED86CFB92AF0D8490057B0F9 /* Preview Assets.xcassets in Resources */,
				ED86CFB62AF0D8490057B0F9 /* Assets.xcassets in Resources */,
			);
			runOnlyForDeploymentPostprocessing = 0;
		};
/* End PBXResourcesBuildPhase section */

/* Begin PBXSourcesBuildPhase section */
		ED86CFAA2AF0D8440057B0F9 /* Sources */ = {
			isa = PBXSourcesBuildPhase;
			buildActionMask = 2147483647;
			files = (
				9804F7012AF1607500442DCC /* SearchView.swift in Sources */,
				ED86CFB42AF0D8440057B0F9 /* ContentView.swift in Sources */,
				EDF3D5A62AF1593A0039F034 /* LoungeDetailView.swift in Sources */,
				ED86CFC62AF0E0FA0057B0F9 /* SearchResultView.swift in Sources */,
				ED86CFCE2AF145260057B0F9 /* SelectBookingView.swift in Sources */,
				ED86CFC52AF0E0FA0057B0F9 /* ItinerarySearch.swift in Sources */,
				ED86CFB22AF0D8440057B0F9 /* LoungePassApp.swift in Sources */,
				ED86CFD22AF14A370057B0F9 /* FreeAccessView.swift in Sources */,
				ED86CFCC2AF0F13D0057B0F9 /* HomePageView.swift in Sources */,
			);
			runOnlyForDeploymentPostprocessing = 0;
		};
/* End PBXSourcesBuildPhase section */

/* Begin XCBuildConfiguration section */
		ED86CFBA2AF0D8490057B0F9 /* Debug */ = {
			isa = XCBuildConfiguration;
			buildSettings = {
				ALWAYS_SEARCH_USER_PATHS = NO;
				CLANG_ANALYZER_NONNULL = YES;
				CLANG_ANALYZER_NUMBER_OBJECT_CONVERSION = YES_AGGRESSIVE;
				CLANG_CXX_LANGUAGE_STANDARD = "gnu++20";
				CLANG_ENABLE_MODULES = YES;
				CLANG_ENABLE_OBJC_ARC = YES;
				CLANG_ENABLE_OBJC_WEAK = YES;
				CLANG_WARN_BLOCK_CAPTURE_AUTORELEASING = YES;
				CLANG_WARN_BOOL_CONVERSION = YES;
				CLANG_WARN_COMMA = YES;
				CLANG_WARN_CONSTANT_CONVERSION = YES;
				CLANG_WARN_DEPRECATED_OBJC_IMPLEMENTATIONS = YES;
				CLANG_WARN_DIRECT_OBJC_ISA_USAGE = YES_ERROR;
				CLANG_WARN_DOCUMENTATION_COMMENTS = YES;
				CLANG_WARN_EMPTY_BODY = YES;
				CLANG_WARN_ENUM_CONVERSION = YES;
				CLANG_WARN_INFINITE_RECURSION = YES;
				CLANG_WARN_INT_CONVERSION = YES;
				CLANG_WARN_NON_LITERAL_NULL_CONVERSION = YES;
				CLANG_WARN_OBJC_IMPLICIT_RETAIN_SELF = YES;
				CLANG_WARN_OBJC_LITERAL_CONVERSION = YES;
				CLANG_WARN_OBJC_ROOT_CLASS = YES_ERROR;
				CLANG_WARN_QUOTED_INCLUDE_IN_FRAMEWORK_HEADER = YES;
				CLANG_WARN_RANGE_LOOP_ANALYSIS = YES;
				CLANG_WARN_STRICT_PROTOTYPES = YES;
				CLANG_WARN_SUSPICIOUS_MOVE = YES;
				CLANG_WARN_UNGUARDED_AVAILABILITY = YES_AGGRESSIVE;
				CLANG_WARN_UNREACHABLE_CODE = YES;
				CLANG_WARN__DUPLICATE_METHOD_MATCH = YES;
				COPY_PHASE_STRIP = NO;
				DEBUG_INFORMATION_FORMAT = dwarf;
				ENABLE_STRICT_OBJC_MSGSEND = YES;
				ENABLE_TESTABILITY = YES;
				GCC_C_LANGUAGE_STANDARD = gnu11;
				GCC_DYNAMIC_NO_PIC = NO;
				GCC_NO_COMMON_BLOCKS = YES;
				GCC_OPTIMIZATION_LEVEL = 0;
				GCC_PREPROCESSOR_DEFINITIONS = (
					"DEBUG=1",
					"$(inherited)",
				);
				GCC_WARN_64_TO_32_BIT_CONVERSION = YES;
				GCC_WARN_ABOUT_RETURN_TYPE = YES_ERROR;
				GCC_WARN_UNDECLARED_SELECTOR = YES;
				GCC_WARN_UNINITIALIZED_AUTOS = YES_AGGRESSIVE;
				GCC_WARN_UNUSED_FUNCTION = YES;
				GCC_WARN_UNUSED_VARIABLE = YES;
				IPHONEOS_DEPLOYMENT_TARGET = 16.1;
				MTL_ENABLE_DEBUG_INFO = INCLUDE_SOURCE;
				MTL_FAST_MATH = YES;
				ONLY_ACTIVE_ARCH = YES;
				SDKROOT = iphoneos;
				SWIFT_ACTIVE_COMPILATION_CONDITIONS = DEBUG;
				SWIFT_OPTIMIZATION_LEVEL = "-Onone";
			};
			name = Debug;
		};
		ED86CFBB2AF0D8490057B0F9 /* Release */ = {
			isa = XCBuildConfiguration;
			buildSettings = {
				ALWAYS_SEARCH_USER_PATHS = NO;
				CLANG_ANALYZER_NONNULL = YES;
				CLANG_ANALYZER_NUMBER_OBJECT_CONVERSION = YES_AGGRESSIVE;
				CLANG_CXX_LANGUAGE_STANDARD = "gnu++20";
				CLANG_ENABLE_MODULES = YES;
				CLANG_ENABLE_OBJC_ARC = YES;
				CLANG_ENABLE_OBJC_WEAK = YES;
				CLANG_WARN_BLOCK_CAPTURE_AUTORELEASING = YES;
				CLANG_WARN_BOOL_CONVERSION = YES;
				CLANG_WARN_COMMA = YES;
				CLANG_WARN_CONSTANT_CONVERSION = YES;
				CLANG_WARN_DEPRECATED_OBJC_IMPLEMENTATIONS = YES;
				CLANG_WARN_DIRECT_OBJC_ISA_USAGE = YES_ERROR;
				CLANG_WARN_DOCUMENTATION_COMMENTS = YES;
				CLANG_WARN_EMPTY_BODY = YES;
				CLANG_WARN_ENUM_CONVERSION = YES;
				CLANG_WARN_INFINITE_RECURSION = YES;
				CLANG_WARN_INT_CONVERSION = YES;
				CLANG_WARN_NON_LITERAL_NULL_CONVERSION = YES;
				CLANG_WARN_OBJC_IMPLICIT_RETAIN_SELF = YES;
				CLANG_WARN_OBJC_LITERAL_CONVERSION = YES;
				CLANG_WARN_OBJC_ROOT_CLASS = YES_ERROR;
				CLANG_WARN_QUOTED_INCLUDE_IN_FRAMEWORK_HEADER = YES;
				CLANG_WARN_RANGE_LOOP_ANALYSIS = YES;
				CLANG_WARN_STRICT_PROTOTYPES = YES;
				CLANG_WARN_SUSPICIOUS_MOVE = YES;
				CLANG_WARN_UNGUARDED_AVAILABILITY = YES_AGGRESSIVE;
				CLANG_WARN_UNREACHABLE_CODE = YES;
				CLANG_WARN__DUPLICATE_METHOD_MATCH = YES;
				COPY_PHASE_STRIP = NO;
				DEBUG_INFORMATION_FORMAT = "dwarf-with-dsym";
				ENABLE_NS_ASSERTIONS = NO;
				ENABLE_STRICT_OBJC_MSGSEND = YES;
				GCC_C_LANGUAGE_STANDARD = gnu11;
				GCC_NO_COMMON_BLOCKS = YES;
				GCC_WARN_64_TO_32_BIT_CONVERSION = YES;
				GCC_WARN_ABOUT_RETURN_TYPE = YES_ERROR;
				GCC_WARN_UNDECLARED_SELECTOR = YES;
				GCC_WARN_UNINITIALIZED_AUTOS = YES_AGGRESSIVE;
				GCC_WARN_UNUSED_FUNCTION = YES;
				GCC_WARN_UNUSED_VARIABLE = YES;
				IPHONEOS_DEPLOYMENT_TARGET = 16.1;
				MTL_ENABLE_DEBUG_INFO = NO;
				MTL_FAST_MATH = YES;
				SDKROOT = iphoneos;
				SWIFT_COMPILATION_MODE = wholemodule;
				SWIFT_OPTIMIZATION_LEVEL = "-O";
				VALIDATE_PRODUCT = YES;
			};
			name = Release;
		};
		ED86CFBD2AF0D8490057B0F9 /* Debug */ = {
			isa = XCBuildConfiguration;
			buildSettings = {
				ASSETCATALOG_COMPILER_APPICON_NAME = AppIcon;
				ASSETCATALOG_COMPILER_GLOBAL_ACCENT_COLOR_NAME = AccentColor;
				CODE_SIGN_STYLE = Automatic;
				CURRENT_PROJECT_VERSION = 1;
				DEVELOPMENT_ASSET_PATHS = "\"LoungePass/Preview Content\"";
				ENABLE_PREVIEWS = YES;
				GENERATE_INFOPLIST_FILE = YES;
				INFOPLIST_KEY_UIApplicationSceneManifest_Generation = YES;
				INFOPLIST_KEY_UIApplicationSupportsIndirectInputEvents = YES;
				INFOPLIST_KEY_UILaunchScreen_Generation = YES;
				INFOPLIST_KEY_UISupportedInterfaceOrientations_iPad = "UIInterfaceOrientationPortrait UIInterfaceOrientationPortraitUpsideDown UIInterfaceOrientationLandscapeLeft UIInterfaceOrientationLandscapeRight";
				INFOPLIST_KEY_UISupportedInterfaceOrientations_iPhone = "UIInterfaceOrientationPortrait UIInterfaceOrientationLandscapeLeft UIInterfaceOrientationLandscapeRight";
				LD_RUNPATH_SEARCH_PATHS = (
					"$(inherited)",
					"@executable_path/Frameworks",
				);
				MARKETING_VERSION = 1.0;
				PRODUCT_BUNDLE_IDENTIFIER = "com.example.apple-samplecodes.LoungePass";
				PRODUCT_NAME = "$(TARGET_NAME)";
				SWIFT_EMIT_LOC_STRINGS = YES;
				SWIFT_VERSION = 5.0;
				TARGETED_DEVICE_FAMILY = "1,2";
			};
			name = Debug;
		};
		ED86CFBE2AF0D8490057B0F9 /* Release */ = {
			isa = XCBuildConfiguration;
			buildSettings = {
				ASSETCATALOG_COMPILER_APPICON_NAME = AppIcon;
				ASSETCATALOG_COMPILER_GLOBAL_ACCENT_COLOR_NAME = AccentColor;
				CODE_SIGN_STYLE = Automatic;
				CURRENT_PROJECT_VERSION = 1;
				DEVELOPMENT_ASSET_PATHS = "\"LoungePass/Preview Content\"";
				ENABLE_PREVIEWS = YES;
				GENERATE_INFOPLIST_FILE = YES;
				INFOPLIST_KEY_UIApplicationSceneManifest_Generation = YES;
				INFOPLIST_KEY_UIApplicationSupportsIndirectInputEvents = YES;
				INFOPLIST_KEY_UILaunchScreen_Generation = YES;
				INFOPLIST_KEY_UISupportedInterfaceOrientations_iPad = "UIInterfaceOrientationPortrait UIInterfaceOrientationPortraitUpsideDown UIInterfaceOrientationLandscapeLeft UIInterfaceOrientationLandscapeRight";
				INFOPLIST_KEY_UISupportedInterfaceOrientations_iPhone = "UIInterfaceOrientationPortrait UIInterfaceOrientationLandscapeLeft UIInterfaceOrientationLandscapeRight";
				LD_RUNPATH_SEARCH_PATHS = (
					"$(inherited)",
					"@executable_path/Frameworks",
				);
				MARKETING_VERSION = 1.0;
				PRODUCT_BUNDLE_IDENTIFIER = "com.example.apple-samplecodes.LoungePass";
				PRODUCT_NAME = "$(TARGET_NAME)";
				SWIFT_EMIT_LOC_STRINGS = YES;
				SWIFT_VERSION = 5.0;
				TARGETED_DEVICE_FAMILY = "1,2";
			};
			name = Release;
		};
/* End XCBuildConfiguration section */

/* Begin XCConfigurationList section */
		ED86CFA92AF0D8440057B0F9 /* Build configuration list for PBXProject "LoungePass" */ = {
			isa = XCConfigurationList;
			buildConfigurations = (
				ED86CFBA2AF0D8490057B0F9 /* Debug */,
				ED86CFBB2AF0D8490057B0F9 /* Release */,
			);
			defaultConfigurationIsVisible = 0;
			defaultConfigurationName = Release;
		};
		ED86CFBC2AF0D8490057B0F9 /* Build configuration list for PBXNativeTarget "LoungePass" */ = {
			isa = XCConfigurationList;
			buildConfigurations = (
				ED86CFBD2AF0D8490057B0F9 /* Debug */,
				ED86CFBE2AF0D8490057B0F9 /* Release */,
			);
			defaultConfigurationIsVisible = 0;
			defaultConfigurationName = Release;
		};
/* End XCConfigurationList section */
	};
	rootObject = ED86CFA62AF0D8440057B0F9 /* Project object */;
}
